// !$*UTF8*$!
{
	archiveVersion = 1;
	classes = {
	};
	objectVersion = 46;
	objects = {

/* Begin PBXBuildFile section */
		38ED02C65EF71B1F60E4771E /* libPods-GitObjectDemo.a in Frameworks */ = {isa = PBXBuildFile; fileRef = 68385E1C06EAA032A3374F36 /* libPods-GitObjectDemo.a */; };
		7A9DC3741F74A46D00037752 /* main.m in Sources */ = {isa = PBXBuildFile; fileRef = 7A9DC3731F74A46D00037752 /* main.m */; };
		7A9DC3771F74A46D00037752 /* AppDelegate.m in Sources */ = {isa = PBXBuildFile; fileRef = 7A9DC3761F74A46D00037752 /* AppDelegate.m */; };
		7A9DC37A1F74A46D00037752 /* ViewController.m in Sources */ = {isa = PBXBuildFile; fileRef = 7A9DC3791F74A46D00037752 /* ViewController.m */; };
		7A9DC37D1F74A46D00037752 /* Main.storyboard in Resources */ = {isa = PBXBuildFile; fileRef = 7A9DC37B1F74A46D00037752 /* Main.storyboard */; };
		7A9DC37F1F74A46D00037752 /* Assets.xcassets in Resources */ = {isa = PBXBuildFile; fileRef = 7A9DC37E1F74A46D00037752 /* Assets.xcassets */; };
		7A9DC3821F74A46D00037752 /* LaunchScreen.storyboard in Resources */ = {isa = PBXBuildFile; fileRef = 7A9DC3801F74A46D00037752 /* LaunchScreen.storyboard */; };
/* End PBXBuildFile section */

/* Begin PBXFileReference section */
		07F0F839B0CB34BEAB99DFD2 /* Pods-GitObjectDemo.debug.xcconfig */ = {isa = PBXFileReference; includeInIndex = 1; lastKnownFileType = text.xcconfig; name = "Pods-GitObjectDemo.debug.xcconfig"; path = "Pods/Target Support Files/Pods-GitObjectDemo/Pods-GitObjectDemo.debug.xcconfig"; sourceTree = "<group>"; };
		68385E1C06EAA032A3374F36 /* libPods-GitObjectDemo.a */ = {isa = PBXFileReference; explicitFileType = archive.ar; includeInIndex = 0; path = "libPods-GitObjectDemo.a"; sourceTree = BUILT_PRODUCTS_DIR; };
		7A9DC36F1F74A46D00037752 /* GitObjectDemo.app */ = {isa = PBXFileReference; explicitFileType = wrapper.application; includeInIndex = 0; path = GitObjectDemo.app; sourceTree = BUILT_PRODUCTS_DIR; };
		7A9DC3731F74A46D00037752 /* main.m */ = {isa = PBXFileReference; lastKnownFileType = sourcecode.c.objc; path = main.m; sourceTree = "<group>"; };
		7A9DC3751F74A46D00037752 /* AppDelegate.h */ = {isa = PBXFileReference; lastKnownFileType = sourcecode.c.h; path = AppDelegate.h; sourceTree = "<group>"; };
		7A9DC3761F74A46D00037752 /* AppDelegate.m */ = {isa = PBXFileReference; lastKnownFileType = sourcecode.c.objc; path = AppDelegate.m; sourceTree = "<group>"; };
		7A9DC3781F74A46D00037752 /* ViewController.h */ = {isa = PBXFileReference; lastKnownFileType = sourcecode.c.h; path = ViewController.h; sourceTree = "<group>"; };
		7A9DC3791F74A46D00037752 /* ViewController.m */ = {isa = PBXFileReference; lastKnownFileType = sourcecode.c.objc; path = ViewController.m; sourceTree = "<group>"; };
		7A9DC37C1F74A46D00037752 /* Base */ = {isa = PBXFileReference; lastKnownFileType = file.storyboard; name = Base; path = Base.lproj/Main.storyboard; sourceTree = "<group>"; };
		7A9DC37E1F74A46D00037752 /* Assets.xcassets */ = {isa = PBXFileReference; lastKnownFileType = folder.assetcatalog; path = Assets.xcassets; sourceTree = "<group>"; };
		7A9DC3811F74A46D00037752 /* Base */ = {isa = PBXFileReference; lastKnownFileType = file.storyboard; name = Base; path = Base.lproj/LaunchScreen.storyboard; sourceTree = "<group>"; };
		7A9DC3831F74A46D00037752 /* Info.plist */ = {isa = PBXFileReference; lastKnownFileType = text.plist.xml; path = Info.plist; sourceTree = "<group>"; };
		9E271B1A4355A1C595F46911 /* Pods-GitObjectDemo.release.xcconfig */ = {isa = PBXFileReference; includeInIndex = 1; lastKnownFileType = text.xcconfig; name = "Pods-GitObjectDemo.release.xcconfig"; path = "Pods/Target Support Files/Pods-GitObjectDemo/Pods-GitObjectDemo.release.xcconfig"; sourceTree = "<group>"; };
/* End PBXFileReference section */

/* Begin PBXFrameworksBuildPhase section */
		7A9DC36C1F74A46D00037752 /* Frameworks */ = {
			isa = PBXFrameworksBuildPhase;
			buildActionMask = 2147483647;
			files = (
				38ED02C65EF71B1F60E4771E /* libPods-GitObjectDemo.a in Frameworks */,
			);
			runOnlyForDeploymentPostprocessing = 0;
		};
/* End PBXFrameworksBuildPhase section */

/* Begin PBXGroup section */
		5796525EC2A19BBB71018B98 /* Frameworks */ = {
			isa = PBXGroup;
			children = (
				68385E1C06EAA032A3374F36 /* libPods-GitObjectDemo.a */,
			);
			name = Frameworks;
			sourceTree = "<group>";
		};
		7A9DC3661F74A46D00037752 = {
			isa = PBXGroup;
			children = (
				7A9DC3711F74A46D00037752 /* GitObjectDemo */,
				7A9DC3701F74A46D00037752 /* Products */,
				E58FB6B7A93E93B587A0CF15 /* Pods */,
				5796525EC2A19BBB71018B98 /* Frameworks */,
			);
			sourceTree = "<group>";
		};
		7A9DC3701F74A46D00037752 /* Products */ = {
			isa = PBXGroup;
			children = (
				7A9DC36F1F74A46D00037752 /* GitObjectDemo.app */,
			);
			name = Products;
			sourceTree = "<group>";
		};
		7A9DC3711F74A46D00037752 /* GitObjectDemo */ = {
			isa = PBXGroup;
			children = (
				7A9DC3751F74A46D00037752 /* AppDelegate.h */,
				7A9DC3761F74A46D00037752 /* AppDelegate.m */,
				7A9DC3781F74A46D00037752 /* ViewController.h */,
				7A9DC3791F74A46D00037752 /* ViewController.m */,
				7A9DC37B1F74A46D00037752 /* Main.storyboard */,
				7A9DC37E1F74A46D00037752 /* Assets.xcassets */,
				7A9DC3801F74A46D00037752 /* LaunchScreen.storyboard */,
				7A9DC3831F74A46D00037752 /* Info.plist */,
				7A9DC3721F74A46D00037752 /* Supporting Files */,
			);
			path = GitObjectDemo;
			sourceTree = "<group>";
		};
		7A9DC3721F74A46D00037752 /* Supporting Files */ = {
			isa = PBXGroup;
			children = (
				7A9DC3731F74A46D00037752 /* main.m */,
			);
			name = "Supporting Files";
			sourceTree = "<group>";
		};
		E58FB6B7A93E93B587A0CF15 /* Pods */ = {
			isa = PBXGroup;
			children = (
				07F0F839B0CB34BEAB99DFD2 /* Pods-GitObjectDemo.debug.xcconfig */,
				9E271B1A4355A1C595F46911 /* Pods-GitObjectDemo.release.xcconfig */,
			);
			name = Pods;
			sourceTree = "<group>";
		};
/* End PBXGroup section */

/* Begin PBXNativeTarget section */
		7A9DC36E1F74A46D00037752 /* GitObjectDemo */ = {
			isa = PBXNativeTarget;
			buildConfigurationList = 7A9DC3861F74A46D00037752 /* Build configuration list for PBXNativeTarget "GitObjectDemo" */;
			buildPhases = (
				884F510D2A3F6BC1B7FA39A2 /* [CP] Check Pods Manifest.lock */,
				7A9DC36B1F74A46D00037752 /* Sources */,
				7A9DC36C1F74A46D00037752 /* Frameworks */,
				7A9DC36D1F74A46D00037752 /* Resources */,
				5C723603FA5A546433B7D953 /* [CP] Embed Pods Frameworks */,
				2D568F2819AE3375574421DB /* [CP] Copy Pods Resources */,
			);
			buildRules = (
			);
			dependencies = (
			);
			name = GitObjectDemo;
			productName = GitObjectDemo;
			productReference = 7A9DC36F1F74A46D00037752 /* GitObjectDemo.app */;
			productType = "com.apple.product-type.application";
		};
/* End PBXNativeTarget section */

/* Begin PBXProject section */
		7A9DC3671F74A46D00037752 /* Project object */ = {
			isa = PBXProject;
			attributes = {
				LastUpgradeCheck = 0830;
				ORGANIZATIONNAME = "张小明";
				TargetAttributes = {
					7A9DC36E1F74A46D00037752 = {
						CreatedOnToolsVersion = 8.3.3;
						DevelopmentTeam = VEBY7B4Y8D;
						ProvisioningStyle = Automatic;
					};
				};
			};
			buildConfigurationList = 7A9DC36A1F74A46D00037752 /* Build configuration list for PBXProject "GitObjectDemo" */;
			compatibilityVersion = "Xcode 3.2";
			developmentRegion = English;
			hasScannedForEncodings = 0;
			knownRegions = (
				en,
				Base,
			);
			mainGroup = 7A9DC3661F74A46D00037752;
			productRefGroup = 7A9DC3701F74A46D00037752 /* Products */;
			projectDirPath = "";
			projectRoot = "";
			targets = (
				7A9DC36E1F74A46D00037752 /* GitObjectDemo */,
			);
		};
/* End PBXProject section */

/* Begin PBXResourcesBuildPhase section */
		7A9DC36D1F74A46D00037752 /* Resources */ = {
			isa = PBXResourcesBuildPhase;
			buildActionMask = 2147483647;
			files = (
				7A9DC3821F74A46D00037752 /* LaunchScreen.storyboard in Resources */,
				7A9DC37F1F74A46D00037752 /* Assets.xcassets in Resources */,
				7A9DC37D1F74A46D00037752 /* Main.storyboard in Resources */,
			);
			runOnlyForDeploymentPostprocessing = 0;
		};
/* End PBXResourcesBuildPhase section */

/* Begin PBXShellScriptBuildPhase section */
		2D568F2819AE3375574421DB /* [CP] Copy Pods Resources */ = {
			isa = PBXShellScriptBuildPhase;
			buildActionMask = 2147483647;
			files = (
			);
			inputPaths = (
			);
			name = "[CP] Copy Pods Resources";
			outputPaths = (
			);
			runOnlyForDeploymentPostprocessing = 0;
			shellPath = /bin/sh;
			shellScript = "\"${SRCROOT}/Pods/Target Support Files/Pods-GitObjectDemo/Pods-GitObjectDemo-resources.sh\"\n";
			showEnvVarsInLog = 0;
		};
		5C723603FA5A546433B7D953 /* [CP] Embed Pods Frameworks */ = {
			isa = PBXShellScriptBuildPhase;
			buildActionMask = 2147483647;
			files = (
			);
			inputPaths = (
			);
			name = "[CP] Embed Pods Frameworks";
			outputPaths = (
			);
			runOnlyForDeploymentPostprocessing = 0;
			shellPath = /bin/sh;
			shellScript = "\"${SRCROOT}/Pods/Target Support Files/Pods-GitObjectDemo/Pods-GitObjectDemo-frameworks.sh\"\n";
			showEnvVarsInLog = 0;
		};
		884F510D2A3F6BC1B7FA39A2 /* [CP] Check Pods Manifest.lock */ = {
			isa = PBXShellScriptBuildPhase;
			buildActionMask = 2147483647;
			files = (
			);
			inputPaths = (
			);
			name = "[CP] Check Pods Manifest.lock";
			outputPaths = (
			);
			runOnlyForDeploymentPostprocessing = 0;
			shellPath = /bin/sh;
			shellScript = "diff \"${PODS_ROOT}/../Podfile.lock\" \"${PODS_ROOT}/Manifest.lock\" > /dev/null\nif [ $? != 0 ] ; then\n    # print error to STDERR\n    echo \"error: The sandbox is not in sync with the Podfile.lock. Run 'pod install' or update your CocoaPods installation.\" >&2\n    exit 1\nfi\n";
			showEnvVarsInLog = 0;
		};
/* End PBXShellScriptBuildPhase section */

/* Begin PBXSourcesBuildPhase section */
		7A9DC36B1F74A46D00037752 /* Sources */ = {
			isa = PBXSourcesBuildPhase;
			buildActionMask = 2147483647;
			files = (
				7A9DC37A1F74A46D00037752 /* ViewController.m in Sources */,
				7A9DC3771F74A46D00037752 /* AppDelegate.m in Sources */,
				7A9DC3741F74A46D00037752 /* main.m in Sources */,
			);
			runOnlyForDeploymentPostprocessing = 0;
		};
/* End PBXSourcesBuildPhase section */

/* Begin PBXVariantGroup section */
		7A9DC37B1F74A46D00037752 /* Main.storyboard */ = {
			isa = PBXVariantGroup;
			children = (
				7A9DC37C1F74A46D00037752 /* Base */,
			);
			name = Main.storyboard;
			sourceTree = "<group>";
		};
		7A9DC3801F74A46D00037752 /* LaunchScreen.storyboard */ = {
			isa = PBXVariantGroup;
			children = (
				7A9DC3811F74A46D00037752 /* Base */,
			);
			name = LaunchScreen.storyboard;
			sourceTree = "<group>";
		};
/* End PBXVariantGroup section */

/* Begin XCBuildConfiguration section */
		7A9DC3841F74A46D00037752 /* Debug */ = {
			isa = XCBuildConfiguration;
			buildSettings = {
				ALWAYS_SEARCH_USER_PATHS = NO;
				CLANG_ANALYZER_NONNULL = YES;
				CLANG_ANALYZER_NUMBER_OBJECT_CONVERSION = YES_AGGRESSIVE;
				CLANG_CXX_LANGUAGE_STANDARD = "gnu++0x";
				CLANG_CXX_LIBRARY = "libc++";
				CLANG_ENABLE_MODULES = YES;
				CLANG_ENABLE_OBJC_ARC = YES;
				CLANG_WARN_BOOL_CONVERSION = YES;
				CLANG_WARN_CONSTANT_CONVERSION = YES;
				CLANG_WARN_DIRECT_OBJC_ISA_USAGE = YES_ERROR;
				CLANG_WARN_DOCUMENTATION_COMMENTS = YES;
				CLANG_WARN_EMPTY_BODY = YES;
				CLANG_WARN_ENUM_CONVERSION = YES;
				CLANG_WARN_INFINITE_RECURSION = YES;
				CLANG_WARN_INT_CONVERSION = YES;
				CLANG_WARN_OBJC_ROOT_CLASS = YES_ERROR;
				CLANG_WARN_SUSPICIOUS_MOVE = YES;
				CLANG_WARN_UNREACHABLE_CODE = YES;
				CLANG_WARN__DUPLICATE_METHOD_MATCH = YES;
				"CODE_SIGN_IDENTITY[sdk=iphoneos*]" = "iPhone Developer";
				COPY_PHASE_STRIP = NO;
				DEBUG_INFORMATION_FORMAT = dwarf;
				ENABLE_STRICT_OBJC_MSGSEND = YES;
				ENABLE_TESTABILITY = YES;
				GCC_C_LANGUAGE_STANDARD = gnu99;
				GCC_DYNAMIC_NO_PIC = NO;
				GCC_NO_COMMON_BLOCKS = YES;
				GCC_OPTIMIZATION_LEVEL = 0;
				GCC_PREPROCESSOR_DEFINITIONS = (
					"DEBUG=1",
					"$(inherited)",
				);
				GCC_WARN_64_TO_32_BIT_CONVERSION = YES;
				GCC_WARN_ABOUT_RETURN_TYPE = YES_ERROR;
				GCC_WARN_UNDECLARED_SELECTOR = YES;
				GCC_WARN_UNINITIALIZED_AUTOS = YES_AGGRESSIVE;
				GCC_WARN_UNUSED_FUNCTION = YES;
				GCC_WARN_UNUSED_VARIABLE = YES;
				IPHONEOS_DEPLOYMENT_TARGET = 10.3;
				MTL_ENABLE_DEBUG_INFO = YES;
				ONLY_ACTIVE_ARCH = YES;
				SDKROOT = iphoneos;
			};
			name = Debug;
		};
		7A9DC3851F74A46D00037752 /* Release */ = {
			isa = XCBuildConfiguration;
			buildSettings = {
				ALWAYS_SEARCH_USER_PATHS = NO;
				CLANG_ANALYZER_NONNULL = YES;
				CLANG_ANALYZER_NUMBER_OBJECT_CONVERSION = YES_AGGRESSIVE;
				CLANG_CXX_LANGUAGE_STANDARD = "gnu++0x";
				CLANG_CXX_LIBRARY = "libc++";
				CLANG_ENABLE_MODULES = YES;
				CLANG_ENABLE_OBJC_ARC = YES;
				CLANG_WARN_BOOL_CONVERSION = YES;
				CLANG_WARN_CONSTANT_CONVERSION = YES;
				CLANG_WARN_DIRECT_OBJC_ISA_USAGE = YES_ERROR;
				CLANG_WARN_DOCUMENTATION_COMMENTS = YES;
				CLANG_WARN_EMPTY_BODY = YES;
				CLANG_WARN_ENUM_CONVERSION = YES;
				CLANG_WARN_INFINITE_RECURSION = YES;
				CLANG_WARN_INT_CONVERSION = YES;
				CLANG_WARN_OBJC_ROOT_CLASS = YES_ERROR;
				CLANG_WARN_SUSPICIOUS_MOVE = YES;
				CLANG_WARN_UNREACHABLE_CODE = YES;
				CLANG_WARN__DUPLICATE_METHOD_MATCH = YES;
				"CODE_SIGN_IDENTITY[sdk=iphoneos*]" = "iPhone Developer";
				COPY_PHASE_STRIP = NO;
				DEBUG_INFORMATION_FORMAT = "dwarf-with-dsym";
				ENABLE_NS_ASSERTIONS = NO;
				ENABLE_STRICT_OBJC_MSGSEND = YES;
				GCC_C_LANGUAGE_STANDARD = gnu99;
				GCC_NO_COMMON_BLOCKS = YES;
				GCC_WARN_64_TO_32_BIT_CONVERSION = YES;
				GCC_WARN_ABOUT_RETURN_TYPE = YES_ERROR;
				GCC_WARN_UNDECLARED_SELECTOR = YES;
				GCC_WARN_UNINITIALIZED_AUTOS = YES_AGGRESSIVE;
				GCC_WARN_UNUSED_FUNCTION = YES;
				GCC_WARN_UNUSED_VARIABLE = YES;
				IPHONEOS_DEPLOYMENT_TARGET = 10.3;
				MTL_ENABLE_DEBUG_INFO = NO;
				SDKROOT = iphoneos;
				VALIDATE_PRODUCT = YES;
			};
			name = Release;
		};
		7A9DC3871F74A46D00037752 /* Debug */ = {
			isa = XCBuildConfiguration;
			baseConfigurationReference = 07F0F839B0CB34BEAB99DFD2 /* Pods-GitObjectDemo.debug.xcconfig */;
			buildSettings = {
				ASSETCATALOG_COMPILER_APPICON_NAME = AppIcon;
				DEVELOPMENT_TEAM = VEBY7B4Y8D;
				INFOPLIST_FILE = GitObjectDemo/Info.plist;
				LD_RUNPATH_SEARCH_PATHS = "$(inherited) @executable_path/Frameworks";
				PRODUCT_BUNDLE_IDENTIFIER = com.mas.GitObjectDemo;
				PRODUCT_NAME = "$(TARGET_NAME)";
			};
			name = Debug;
		};
		7A9DC3881F74A46D00037752 /* Release */ = {
			isa = XCBuildConfiguration;
			baseConfigurationReference = 9E271B1A4355A1C595F46911 /* Pods-GitObjectDemo.release.xcconfig */;
			buildSettings = {
				ASSETCATALOG_COMPILER_APPICON_NAME = AppIcon;
				DEVELOPMENT_TEAM = VEBY7B4Y8D;
				INFOPLIST_FILE = GitObjectDemo/Info.plist;
				LD_RUNPATH_SEARCH_PATHS = "$(inherited) @executable_path/Frameworks";
				PRODUCT_BUNDLE_IDENTIFIER = com.mas.GitObjectDemo;
				PRODUCT_NAME = "$(TARGET_NAME)";
			};
			name = Release;
		};
/* End XCBuildConfiguration section */

/* Begin XCConfigurationList section */
		7A9DC36A1F74A46D00037752 /* Build configuration list for PBXProject "GitObjectDemo" */ = {
			isa = XCConfigurationList;
			buildConfigurations = (
				7A9DC3841F74A46D00037752 /* Debug */,
				7A9DC3851F74A46D00037752 /* Release */,
			);
			defaultConfigurationIsVisible = 0;
			defaultConfigurationName = Release;
		};
		7A9DC3861F74A46D00037752 /* Build configuration list for PBXNativeTarget "GitObjectDemo" */ = {
			isa = XCConfigurationList;
			buildConfigurations = (
				7A9DC3871F74A46D00037752 /* Debug */,
				7A9DC3881F74A46D00037752 /* Release */,
			);
			defaultConfigurationIsVisible = 0;
		};
/* End XCConfigurationList section */
	};
	rootObject = 7A9DC3671F74A46D00037752 /* Project object */;
}
